
Microsoft Visual Studio Solution File, Format Version 12.00
# Visual Studio Version 17
VisualStudioVersion = 17.6.33829.357
MinimumVisualStudioVersion = 10.0.40219.1
Project("{9A19103F-16F7-4668-BE54-9A1E7A4F7556}") = "MCV", "MCV\MCV.csproj", "{4403F957-8E85-4300-8FA4-F1B38E178CD4}"
EndProject
Project("{9A19103F-16F7-4668-BE54-9A1E7A4F7556}") = "Data", "Data\Data.csproj", "{2A0DEFAE-7F29-43DC-A8D0-9D7B1AD331CF}"
EndProject
Project("{9A19103F-16F7-4668-BE54-9A1E7A4F7556}") = "API", "API\API.csproj", "{6CC2519B-30AA-4BE9-8888-EA9C7D7EEE48}"
EndProject
Global
	GlobalSection(SolutionConfigurationPlatforms) = preSolution
		Debug|Any CPU = Debug|Any CPU
		Release|Any CPU = Release|Any CPU
	EndGlobalSection
	GlobalSection(ProjectConfigurationPlatforms) = postSolution
		{4403F957-8E85-4300-8FA4-F1B38E178CD4}.Debug|Any CPU.ActiveCfg = Debug|Any CPU
		{4403F957-8E85-4300-8FA4-F1B38E178CD4}.Debug|Any CPU.Build.0 = Debug|Any CPU
		{4403F957-8E85-4300-8FA4-F1B38E178CD4}.Release|Any CPU.ActiveCfg = Release|Any CPU
		{4403F957-8E85-4300-8FA4-F1B38E178CD4}.Release|Any CPU.Build.0 = Release|Any CPU
		{2A0DEFAE-7F29-43DC-A8D0-9D7B1AD331CF}.Debug|Any CPU.ActiveCfg = Debug|Any CPU
		{2A0DEFAE-7F29-43DC-A8D0-9D7B1AD331CF}.Debug|Any CPU.Build.0 = Debug|Any CPU
		{2A0DEFAE-7F29-43DC-A8D0-9D7B1AD331CF}.Release|Any CPU.ActiveCfg = Release|Any CPU
		{2A0DEFAE-7F29-43DC-A8D0-9D7B1AD331CF}.Release|Any CPU.Build.0 = Release|Any CPU
		{6CC2519B-30AA-4BE9-8888-EA9C7D7EEE48}.Debug|Any CPU.ActiveCfg = Debug|Any CPU
		{6CC2519B-30AA-4BE9-8888-EA9C7D7EEE48}.Debug|Any CPU.Build.0 = Debug|Any CPU
		{6CC2519B-30AA-4BE9-8888-EA9C7D7EEE48}.Release|Any CPU.ActiveCfg = Release|Any CPU
		{6CC2519B-30AA-4BE9-8888-EA9C7D7EEE48}.Release|Any CPU.Build.0 = Release|Any CPU
	EndGlobalSection
	GlobalSection(SolutionProperties) = preSolution
		HideSolutionNode = FALSE
	EndGlobalSection
	GlobalSection(ExtensibilityGlobals) = postSolution
		SolutionGuid = {875B6111-30FF-44B4-88FB-B98D18FE99B5}
	EndGlobalSection
EndGlobal
